
Microsoft Visual Studio Solution File, Format Version 12.00
# Visual Studio Version 16
VisualStudioVersion = 16.0.29709.97
MinimumVisualStudioVersion = 10.0.40219.1
Project("{FAE04EC0-301F-11D3-BF4B-00C04F79EFBC}") = "DAL", "DAL\DAL.csproj", "{F273851E-2F59-4C5E-B4B6-2BC175F94BF7}"
EndProject
Project("{FAE04EC0-301F-11D3-BF4B-00C04F79EFBC}") = "BLL", "BLL\BLL.csproj", "{F3CA3264-1F96-4259-98B4-EA5A3FEDF160}"
EndProject
Project("{FAE04EC0-301F-11D3-BF4B-00C04F79EFBC}") = "WPF_View", "WPF_View\WPF_View.csproj", "{12676549-5740-4EF0-A07D-56C837F6B759}"
EndProject
Global
	GlobalSection(SolutionConfigurationPlatforms) = preSolution
		Debug|Any CPU = Debug|Any CPU
		Release|Any CPU = Release|Any CPU
	EndGlobalSection
	GlobalSection(ProjectConfigurationPlatforms) = postSolution
		{F273851E-2F59-4C5E-B4B6-2BC175F94BF7}.Debug|Any CPU.ActiveCfg = Debug|Any CPU
		{F273851E-2F59-4C5E-B4B6-2BC175F94BF7}.Debug|Any CPU.Build.0 = Debug|Any CPU
		{F273851E-2F59-4C5E-B4B6-2BC175F94BF7}.Release|Any CPU.ActiveCfg = Release|Any CPU
		{F273851E-2F59-4C5E-B4B6-2BC175F94BF7}.Release|Any CPU.Build.0 = Release|Any CPU
		{F3CA3264-1F96-4259-98B4-EA5A3FEDF160}.Debug|Any CPU.ActiveCfg = Debug|Any CPU
		{F3CA3264-1F96-4259-98B4-EA5A3FEDF160}.Debug|Any CPU.Build.0 = Debug|Any CPU
		{F3CA3264-1F96-4259-98B4-EA5A3FEDF160}.Release|Any CPU.ActiveCfg = Release|Any CPU
		{F3CA3264-1F96-4259-98B4-EA5A3FEDF160}.Release|Any CPU.Build.0 = Release|Any CPU
		{12676549-5740-4EF0-A07D-56C837F6B759}.Debug|Any CPU.ActiveCfg = Debug|Any CPU
		{12676549-5740-4EF0-A07D-56C837F6B759}.Debug|Any CPU.Build.0 = Debug|Any CPU
		{12676549-5740-4EF0-A07D-56C837F6B759}.Release|Any CPU.ActiveCfg = Release|Any CPU
		{12676549-5740-4EF0-A07D-56C837F6B759}.Release|Any CPU.Build.0 = Release|Any CPU
	EndGlobalSection
	GlobalSection(SolutionProperties) = preSolution
		HideSolutionNode = FALSE
	EndGlobalSection
	GlobalSection(ExtensibilityGlobals) = postSolution
		SolutionGuid = {D49C6A1C-033A-4CD6-9C7B-C380EC8D46D3}
	EndGlobalSection
EndGlobal
